// !$*UTF8*$!
{
	archiveVersion = 1;
	classes = {
	};
	objectVersion = 56;
	objects = {

/* Begin PBXBuildFile section */
		1FCBBC4629D83DA2002E2A8E /* Irina_khorvatovaApp.swift in Sources */ = {isa = PBXBuildFile; fileRef = 1FCBBC4529D83DA2002E2A8E /* Irina_khorvatovaApp.swift */; };
		1FCBBC4829D83DA2002E2A8E /* ContentView.swift in Sources */ = {isa = PBXBuildFile; fileRef = 1FCBBC4729D83DA2002E2A8E /* ContentView.swift */; };
		1FCBBC4A29D83DA3002E2A8E /* Assets.xcassets in Resources */ = {isa = PBXBuildFile; fileRef = 1FCBBC4929D83DA3002E2A8E /* Assets.xcassets */; };
		1FCBBC4D29D83DA3002E2A8E /* Preview Assets.xcassets in Resources */ = {isa = PBXBuildFile; fileRef = 1FCBBC4C29D83DA3002E2A8E /* Preview Assets.xcassets */; };
		1FCBBC5729D83DA3002E2A8E /* Irina_khorvatovaTests.swift in Sources */ = {isa = PBXBuildFile; fileRef = 1FCBBC5629D83DA3002E2A8E /* Irina_khorvatovaTests.swift */; };
		1FCBBC6129D83DA3002E2A8E /* Irina_khorvatovaUITests.swift in Sources */ = {isa = PBXBuildFile; fileRef = 1FCBBC6029D83DA3002E2A8E /* Irina_khorvatovaUITests.swift */; };
		1FCBBC6329D83DA3002E2A8E /* Irina_khorvatovaUITestsLaunchTests.swift in Sources */ = {isa = PBXBuildFile; fileRef = 1FCBBC6229D83DA3002E2A8E /* Irina_khorvatovaUITestsLaunchTests.swift */; };
/* End PBXBuildFile section */

/* Begin PBXContainerItemProxy section */
		1FCBBC5329D83DA3002E2A8E /* PBXContainerItemProxy */ = {
			isa = PBXContainerItemProxy;
			containerPortal = 1FCBBC3A29D83DA2002E2A8E /* Project object */;
			proxyType = 1;
			remoteGlobalIDString = 1FCBBC4129D83DA2002E2A8E;
			remoteInfo = "Irina khorvatova";
		};
		1FCBBC5D29D83DA3002E2A8E /* PBXContainerItemProxy */ = {
			isa = PBXContainerItemProxy;
			containerPortal = 1FCBBC3A29D83DA2002E2A8E /* Project object */;
			proxyType = 1;
			remoteGlobalIDString = 1FCBBC4129D83DA2002E2A8E;
			remoteInfo = "Irina khorvatova";
		};
/* End PBXContainerItemProxy section */

/* Begin PBXFileReference section */
		1FCBBC4229D83DA2002E2A8E /* Irina khorvatova.app */ = {isa = PBXFileReference; explicitFileType = wrapper.application; includeInIndex = 0; path = "Irina khorvatova.app"; sourceTree = BUILT_PRODUCTS_DIR; };
		1FCBBC4529D83DA2002E2A8E /* Irina_khorvatovaApp.swift */ = {isa = PBXFileReference; lastKnownFileType = sourcecode.swift; path = Irina_khorvatovaApp.swift; sourceTree = "<group>"; };
		1FCBBC4729D83DA2002E2A8E /* ContentView.swift */ = {isa = PBXFileReference; lastKnownFileType = sourcecode.swift; path = ContentView.swift; sourceTree = "<group>"; };
		1FCBBC4929D83DA3002E2A8E /* Assets.xcassets */ = {isa = PBXFileReference; lastKnownFileType = folder.assetcatalog; path = Assets.xcassets; sourceTree = "<group>"; };
		1FCBBC4C29D83DA3002E2A8E /* Preview Assets.xcassets */ = {isa = PBXFileReference; lastKnownFileType = folder.assetcatalog; path = "Preview Assets.xcassets"; sourceTree = "<group>"; };
		1FCBBC5229D83DA3002E2A8E /* Irina khorvatovaTests.xctest */ = {isa = PBXFileReference; explicitFileType = wrapper.cfbundle; includeInIndex = 0; path = "Irina khorvatovaTests.xctest"; sourceTree = BUILT_PRODUCTS_DIR; };
		1FCBBC5629D83DA3002E2A8E /* Irina_khorvatovaTests.swift */ = {isa = PBXFileReference; lastKnownFileType = sourcecode.swift; path = Irina_khorvatovaTests.swift; sourceTree = "<group>"; };
		1FCBBC5C29D83DA3002E2A8E /* Irina khorvatovaUITests.xctest */ = {isa = PBXFileReference; explicitFileType = wrapper.cfbundle; includeInIndex = 0; path = "Irina khorvatovaUITests.xctest"; sourceTree = BUILT_PRODUCTS_DIR; };
		1FCBBC6029D83DA3002E2A8E /* Irina_khorvatovaUITests.swift */ = {isa = PBXFileReference; lastKnownFileType = sourcecode.swift; path = Irina_khorvatovaUITests.swift; sourceTree = "<group>"; };
		1FCBBC6229D83DA3002E2A8E /* Irina_khorvatovaUITestsLaunchTests.swift */ = {isa = PBXFileReference; lastKnownFileType = sourcecode.swift; path = Irina_khorvatovaUITestsLaunchTests.swift; sourceTree = "<group>"; };
/* End PBXFileReference section */

/* Begin PBXFrameworksBuildPhase section */
		1FCBBC3F29D83DA2002E2A8E /* Frameworks */ = {
			isa = PBXFrameworksBuildPhase;
			buildActionMask = 2147483647;
			files = (
			);
			runOnlyForDeploymentPostprocessing = 0;
		};
		1FCBBC4F29D83DA3002E2A8E /* Frameworks */ = {
			isa = PBXFrameworksBuildPhase;
			buildActionMask = 2147483647;
			files = (
			);
			runOnlyForDeploymentPostprocessing = 0;
		};
		1FCBBC5929D83DA3002E2A8E /* Frameworks */ = {
			isa = PBXFrameworksBuildPhase;
			buildActionMask = 2147483647;
			files = (
			);
			runOnlyForDeploymentPostprocessing = 0;
		};
/* End PBXFrameworksBuildPhase section */

/* Begin PBXGroup section */
		1FCBBC3929D83DA2002E2A8E = {
			isa = PBXGroup;
			children = (
				1FCBBC4429D83DA2002E2A8E /* Irina khorvatova */,
				1FCBBC5529D83DA3002E2A8E /* Irina khorvatovaTests */,
				1FCBBC5F29D83DA3002E2A8E /* Irina khorvatovaUITests */,
				1FCBBC4329D83DA2002E2A8E /* Products */,
			);
			sourceTree = "<group>";
		};
		1FCBBC4329D83DA2002E2A8E /* Products */ = {
			isa = PBXGroup;
			children = (
				1FCBBC4229D83DA2002E2A8E /* Irina khorvatova.app */,
				1FCBBC5229D83DA3002E2A8E /* Irina khorvatovaTests.xctest */,
				1FCBBC5C29D83DA3002E2A8E /* Irina khorvatovaUITests.xctest */,
			);
			name = Products;
			sourceTree = "<group>";
		};
		1FCBBC4429D83DA2002E2A8E /* Irina khorvatova */ = {
			isa = PBXGroup;
			children = (
				1FCBBC4529D83DA2002E2A8E /* Irina_khorvatovaApp.swift */,
				1FCBBC4729D83DA2002E2A8E /* ContentView.swift */,
				1FCBBC4929D83DA3002E2A8E /* Assets.xcassets */,
				1FCBBC4B29D83DA3002E2A8E /* Preview Content */,
			);
			path = "Irina khorvatova";
			sourceTree = "<group>";
		};
		1FCBBC4B29D83DA3002E2A8E /* Preview Content */ = {
			isa = PBXGroup;
			children = (
				1FCBBC4C29D83DA3002E2A8E /* Preview Assets.xcassets */,
			);
			path = "Preview Content";
			sourceTree = "<group>";
		};
		1FCBBC5529D83DA3002E2A8E /* Irina khorvatovaTests */ = {
			isa = PBXGroup;
			children = (
				1FCBBC5629D83DA3002E2A8E /* Irina_khorvatovaTests.swift */,
			);
			path = "Irina khorvatovaTests";
			sourceTree = "<group>";
		};
		1FCBBC5F29D83DA3002E2A8E /* Irina khorvatovaUITests */ = {
			isa = PBXGroup;
			children = (
				1FCBBC6029D83DA3002E2A8E /* Irina_khorvatovaUITests.swift */,
				1FCBBC6229D83DA3002E2A8E /* Irina_khorvatovaUITestsLaunchTests.swift */,
			);
			path = "Irina khorvatovaUITests";
			sourceTree = "<group>";
		};
/* End PBXGroup section */

/* Begin PBXNativeTarget section */
		1FCBBC4129D83DA2002E2A8E /* Irina khorvatova */ = {
			isa = PBXNativeTarget;
			buildConfigurationList = 1FCBBC6629D83DA3002E2A8E /* Build configuration list for PBXNativeTarget "Irina khorvatova" */;
			buildPhases = (
				1FCBBC3E29D83DA2002E2A8E /* Sources */,
				1FCBBC3F29D83DA2002E2A8E /* Frameworks */,
				1FCBBC4029D83DA2002E2A8E /* Resources */,
			);
			buildRules = (
			);
			dependencies = (
			);
			name = "Irina khorvatova";
			productName = "Irina khorvatova";
			productReference = 1FCBBC4229D83DA2002E2A8E /* Irina khorvatova.app */;
			productType = "com.apple.product-type.application";
		};
		1FCBBC5129D83DA3002E2A8E /* Irina khorvatovaTests */ = {
			isa = PBXNativeTarget;
			buildConfigurationList = 1FCBBC6929D83DA3002E2A8E /* Build configuration list for PBXNativeTarget "Irina khorvatovaTests" */;
			buildPhases = (
				1FCBBC4E29D83DA3002E2A8E /* Sources */,
				1FCBBC4F29D83DA3002E2A8E /* Frameworks */,
				1FCBBC5029D83DA3002E2A8E /* Resources */,
			);
			buildRules = (
			);
			dependencies = (
				1FCBBC5429D83DA3002E2A8E /* PBXTargetDependency */,
			);
			name = "Irina khorvatovaTests";
			productName = "Irina khorvatovaTests";
			productReference = 1FCBBC5229D83DA3002E2A8E /* Irina khorvatovaTests.xctest */;
			productType = "com.apple.product-type.bundle.unit-test";
		};
		1FCBBC5B29D83DA3002E2A8E /* Irina khorvatovaUITests */ = {
			isa = PBXNativeTarget;
			buildConfigurationList = 1FCBBC6C29D83DA3002E2A8E /* Build configuration list for PBXNativeTarget "Irina khorvatovaUITests" */;
			buildPhases = (
				1FCBBC5829D83DA3002E2A8E /* Sources */,
				1FCBBC5929D83DA3002E2A8E /* Frameworks */,
				1FCBBC5A29D83DA3002E2A8E /* Resources */,
			);
			buildRules = (
			);
			dependencies = (
				1FCBBC5E29D83DA3002E2A8E /* PBXTargetDependency */,
			);
			name = "Irina khorvatovaUITests";
			productName = "Irina khorvatovaUITests";
			productReference = 1FCBBC5C29D83DA3002E2A8E /* Irina khorvatovaUITests.xctest */;
			productType = "com.apple.product-type.bundle.ui-testing";
		};
/* End PBXNativeTarget section */

/* Begin PBXProject section */
		1FCBBC3A29D83DA2002E2A8E /* Project object */ = {
			isa = PBXProject;
			attributes = {
				BuildIndependentTargetsInParallel = 1;
				LastSwiftUpdateCheck = 1430;
				LastUpgradeCheck = 1430;
				TargetAttributes = {
					1FCBBC4129D83DA2002E2A8E = {
						CreatedOnToolsVersion = 14.3;
					};
					1FCBBC5129D83DA3002E2A8E = {
						CreatedOnToolsVersion = 14.3;
						TestTargetID = 1FCBBC4129D83DA2002E2A8E;
					};
					1FCBBC5B29D83DA3002E2A8E = {
						CreatedOnToolsVersion = 14.3;
						TestTargetID = 1FCBBC4129D83DA2002E2A8E;
					};
				};
			};
			buildConfigurationList = 1FCBBC3D29D83DA2002E2A8E /* Build configuration list for PBXProject "Irina khorvatova" */;
			compatibilityVersion = "Xcode 14.0";
			developmentRegion = en;
			hasScannedForEncodings = 0;
			knownRegions = (
				en,
				Base,
			);
			mainGroup = 1FCBBC3929D83DA2002E2A8E;
			productRefGroup = 1FCBBC4329D83DA2002E2A8E /* Products */;
			projectDirPath = "";
			projectRoot = "";
			targets = (
				1FCBBC4129D83DA2002E2A8E /* Irina khorvatova */,
				1FCBBC5129D83DA3002E2A8E /* Irina khorvatovaTests */,
				1FCBBC5B29D83DA3002E2A8E /* Irina khorvatovaUITests */,
			);
		};
/* End PBXProject section */

/* Begin PBXResourcesBuildPhase section */
		1FCBBC4029D83DA2002E2A8E /* Resources */ = {
			isa = PBXResourcesBuildPhase;
			buildActionMask = 2147483647;
			files = (
				1FCBBC4D29D83DA3002E2A8E /* Preview Assets.xcassets in Resources */,
				1FCBBC4A29D83DA3002E2A8E /* Assets.xcassets in Resources */,
			);
			runOnlyForDeploymentPostprocessing = 0;
		};
		1FCBBC5029D83DA3002E2A8E /* Resources */ = {
			isa = PBXResourcesBuildPhase;
			buildActionMask = 2147483647;
			files = (
			);
			runOnlyForDeploymentPostprocessing = 0;
		};
		1FCBBC5A29D83DA3002E2A8E /* Resources */ = {
			isa = PBXResourcesBuildPhase;
			buildActionMask = 2147483647;
			files = (
			);
			runOnlyForDeploymentPostprocessing = 0;
		};
/* End PBXResourcesBuildPhase section */

/* Begin PBXSourcesBuildPhase section */
		1FCBBC3E29D83DA2002E2A8E /* Sources */ = {
			isa = PBXSourcesBuildPhase;
			buildActionMask = 2147483647;
			files = (
				1FCBBC4829D83DA2002E2A8E /* ContentView.swift in Sources */,
				1FCBBC4629D83DA2002E2A8E /* Irina_khorvatovaApp.swift in Sources */,
			);
			runOnlyForDeploymentPostprocessing = 0;
		};
		1FCBBC4E29D83DA3002E2A8E /* Sources */ = {
			isa = PBXSourcesBuildPhase;
			buildActionMask = 2147483647;
			files = (
				1FCBBC5729D83DA3002E2A8E /* Irina_khorvatovaTests.swift in Sources */,
			);
			runOnlyForDeploymentPostprocessing = 0;
		};
		1FCBBC5829D83DA3002E2A8E /* Sources */ = {
			isa = PBXSourcesBuildPhase;
			buildActionMask = 2147483647;
			files = (
				1FCBBC6129D83DA3002E2A8E /* Irina_khorvatovaUITests.swift in Sources */,
				1FCBBC6329D83DA3002E2A8E /* Irina_khorvatovaUITestsLaunchTests.swift in Sources */,
			);
			runOnlyForDeploymentPostprocessing = 0;
		};
/* End PBXSourcesBuildPhase section */

/* Begin PBXTargetDependency section */
		1FCBBC5429D83DA3002E2A8E /* PBXTargetDependency */ = {
			isa = PBXTargetDependency;
			target = 1FCBBC4129D83DA2002E2A8E /* Irina khorvatova */;
			targetProxy = 1FCBBC5329D83DA3002E2A8E /* PBXContainerItemProxy */;
		};
		1FCBBC5E29D83DA3002E2A8E /* PBXTargetDependency */ = {
			isa = PBXTargetDependency;
			target = 1FCBBC4129D83DA2002E2A8E /* Irina khorvatova */;
			targetProxy = 1FCBBC5D29D83DA3002E2A8E /* PBXContainerItemProxy */;
		};
/* End PBXTargetDependency section */

/* Begin XCBuildConfiguration section */
		1FCBBC6429D83DA3002E2A8E /* Debug */ = {
			isa = XCBuildConfiguration;
			buildSettings = {
				ALWAYS_SEARCH_USER_PATHS = NO;
				CLANG_ANALYZER_NONNULL = YES;
				CLANG_ANALYZER_NUMBER_OBJECT_CONVERSION = YES_AGGRESSIVE;
				CLANG_CXX_LANGUAGE_STANDARD = "gnu++20";
				CLANG_ENABLE_MODULES = YES;
				CLANG_ENABLE_OBJC_ARC = YES;
				CLANG_ENABLE_OBJC_WEAK = YES;
				CLANG_WARN_BLOCK_CAPTURE_AUTORELEASING = YES;
				CLANG_WARN_BOOL_CONVERSION = YES;
				CLANG_WARN_COMMA = YES;
				CLANG_WARN_CONSTANT_CONVERSION = YES;
				CLANG_WARN_DEPRECATED_OBJC_IMPLEMENTATIONS = YES;
				CLANG_WARN_DIRECT_OBJC_ISA_USAGE = YES_ERROR;
				CLANG_WARN_DOCUMENTATION_COMMENTS = YES;
				CLANG_WARN_EMPTY_BODY = YES;
				CLANG_WARN_ENUM_CONVERSION = YES;
				CLANG_WARN_INFINITE_RECURSION = YES;
				CLANG_WARN_INT_CONVERSION = YES;
				CLANG_WARN_NON_LITERAL_NULL_CONVERSION = YES;
				CLANG_WARN_OBJC_IMPLICIT_RETAIN_SELF = YES;
				CLANG_WARN_OBJC_LITERAL_CONVERSION = YES;
				CLANG_WARN_OBJC_ROOT_CLASS = YES_ERROR;
				CLANG_WARN_QUOTED_INCLUDE_IN_FRAMEWORK_HEADER = YES;
				CLANG_WARN_RANGE_LOOP_ANALYSIS = YES;
				CLANG_WARN_STRICT_PROTOTYPES = YES;
				CLANG_WARN_SUSPICIOUS_MOVE = YES;
				CLANG_WARN_UNGUARDED_AVAILABILITY = YES_AGGRESSIVE;
				CLANG_WARN_UNREACHABLE_CODE = YES;
				CLANG_WARN__DUPLICATE_METHOD_MATCH = YES;
				COPY_PHASE_STRIP = NO;
				DEBUG_INFORMATION_FORMAT = dwarf;
				ENABLE_STRICT_OBJC_MSGSEND = YES;
				ENABLE_TESTABILITY = YES;
				GCC_C_LANGUAGE_STANDARD = gnu11;
				GCC_DYNAMIC_NO_PIC = NO;
				GCC_NO_COMMON_BLOCKS = YES;
				GCC_OPTIMIZATION_LEVEL = 0;
				GCC_PREPROCESSOR_DEFINITIONS = (
					"DEBUG=1",
					"$(inherited)",
				);
				GCC_WARN_64_TO_32_BIT_CONVERSION = YES;
				GCC_WARN_ABOUT_RETURN_TYPE = YES_ERROR;
				GCC_WARN_UNDECLARED_SELECTOR = YES;
				GCC_WARN_UNINITIALIZED_AUTOS = YES_AGGRESSIVE;
				GCC_WARN_UNUSED_FUNCTION = YES;
				GCC_WARN_UNUSED_VARIABLE = YES;
				IPHONEOS_DEPLOYMENT_TARGET = 16.4;
				MTL_ENABLE_DEBUG_INFO = INCLUDE_SOURCE;
				MTL_FAST_MATH = YES;
				ONLY_ACTIVE_ARCH = YES;
				SDKROOT = iphoneos;
				SWIFT_ACTIVE_COMPILATION_CONDITIONS = DEBUG;
				SWIFT_OPTIMIZATION_LEVEL = "-Onone";
			};
			name = Debug;
		};
		1FCBBC6529D83DA3002E2A8E /* Release */ = {
			isa = XCBuildConfiguration;
			buildSettings = {
				ALWAYS_SEARCH_USER_PATHS = NO;
				CLANG_ANALYZER_NONNULL = YES;
				CLANG_ANALYZER_NUMBER_OBJECT_CONVERSION = YES_AGGRESSIVE;
				CLANG_CXX_LANGUAGE_STANDARD = "gnu++20";
				CLANG_ENABLE_MODULES = YES;
				CLANG_ENABLE_OBJC_ARC = YES;
				CLANG_ENABLE_OBJC_WEAK = YES;
				CLANG_WARN_BLOCK_CAPTURE_AUTORELEASING = YES;
				CLANG_WARN_BOOL_CONVERSION = YES;
				CLANG_WARN_COMMA = YES;
				CLANG_WARN_CONSTANT_CONVERSION = YES;
				CLANG_WARN_DEPRECATED_OBJC_IMPLEMENTATIONS = YES;
				CLANG_WARN_DIRECT_OBJC_ISA_USAGE = YES_ERROR;
				CLANG_WARN_DOCUMENTATION_COMMENTS = YES;
				CLANG_WARN_EMPTY_BODY = YES;
				CLANG_WARN_ENUM_CONVERSION = YES;
				CLANG_WARN_INFINITE_RECURSION = YES;
				CLANG_WARN_INT_CONVERSION = YES;
				CLANG_WARN_NON_LITERAL_NULL_CONVERSION = YES;
				CLANG_WARN_OBJC_IMPLICIT_RETAIN_SELF = YES;
				CLANG_WARN_OBJC_LITERAL_CONVERSION = YES;
				CLANG_WARN_OBJC_ROOT_CLASS = YES_ERROR;
				CLANG_WARN_QUOTED_INCLUDE_IN_FRAMEWORK_HEADER = YES;
				CLANG_WARN_RANGE_LOOP_ANALYSIS = YES;
				CLANG_WARN_STRICT_PROTOTYPES = YES;
				CLANG_WARN_SUSPICIOUS_MOVE = YES;
				CLANG_WARN_UNGUARDED_AVAILABILITY = YES_AGGRESSIVE;
				CLANG_WARN_UNREACHABLE_CODE = YES;
				CLANG_WARN__DUPLICATE_METHOD_MATCH = YES;
				COPY_PHASE_STRIP = NO;
				DEBUG_INFORMATION_FORMAT = "dwarf-with-dsym";
				ENABLE_NS_ASSERTIONS = NO;
				ENABLE_STRICT_OBJC_MSGSEND = YES;
				GCC_C_LANGUAGE_STANDARD = gnu11;
				GCC_NO_COMMON_BLOCKS = YES;
				GCC_WARN_64_TO_32_BIT_CONVERSION = YES;
				GCC_WARN_ABOUT_RETURN_TYPE = YES_ERROR;
				GCC_WARN_UNDECLARED_SELECTOR = YES;
				GCC_WARN_UNINITIALIZED_AUTOS = YES_AGGRESSIVE;
				GCC_WARN_UNUSED_FUNCTION = YES;
				GCC_WARN_UNUSED_VARIABLE = YES;
				IPHONEOS_DEPLOYMENT_TARGET = 16.4;
				MTL_ENABLE_DEBUG_INFO = NO;
				MTL_FAST_MATH = YES;
				SDKROOT = iphoneos;
				SWIFT_COMPILATION_MODE = wholemodule;
				SWIFT_OPTIMIZATION_LEVEL = "-O";
				VALIDATE_PRODUCT = YES;
			};
			name = Release;
		};
		1FCBBC6729D83DA3002E2A8E /* Debug */ = {
			isa = XCBuildConfiguration;
			buildSettings = {
				ASSETCATALOG_COMPILER_APPICON_NAME = AppIcon;
				ASSETCATALOG_COMPILER_GLOBAL_ACCENT_COLOR_NAME = AccentColor;
				CODE_SIGN_STYLE = Automatic;
				CURRENT_PROJECT_VERSION = 1;
				DEVELOPMENT_ASSET_PATHS = "\"Irina khorvatova/Preview Content\"";
				DEVELOPMENT_TEAM = 4DTCDQV694;
				ENABLE_PREVIEWS = YES;
				GENERATE_INFOPLIST_FILE = YES;
				INFOPLIST_KEY_UIApplicationSceneManifest_Generation = YES;
				INFOPLIST_KEY_UIApplicationSupportsIndirectInputEvents = YES;
				INFOPLIST_KEY_UILaunchScreen_Generation = YES;
				INFOPLIST_KEY_UISupportedInterfaceOrientations_iPad = "UIInterfaceOrientationPortrait UIInterfaceOrientationPortraitUpsideDown UIInterfaceOrientationLandscapeLeft UIInterfaceOrientationLandscapeRight";
				INFOPLIST_KEY_UISupportedInterfaceOrientations_iPhone = "UIInterfaceOrientationPortrait UIInterfaceOrientationLandscapeLeft UIInterfaceOrientationLandscapeRight";
				LD_RUNPATH_SEARCH_PATHS = (
					"$(inherited)",
					"@executable_path/Frameworks",
				);
				MARKETING_VERSION = 1.0;
				PRODUCT_BUNDLE_IDENTIFIER = "-1.Irina-khorvatova";
				PRODUCT_NAME = "$(TARGET_NAME)";
				SWIFT_EMIT_LOC_STRINGS = YES;
				SWIFT_VERSION = 5.0;
				TARGETED_DEVICE_FAMILY = "1,2";
			};
			name = Debug;
		};
		1FCBBC6829D83DA3002E2A8E /* Release */ = {
			isa = XCBuildConfiguration;
			buildSettings = {
				ASSETCATALOG_COMPILER_APPICON_NAME = AppIcon;
				ASSETCATALOG_COMPILER_GLOBAL_ACCENT_COLOR_NAME = AccentColor;
				CODE_SIGN_STYLE = Automatic;
				CURRENT_PROJECT_VERSION = 1;
				DEVELOPMENT_ASSET_PATHS = "\"Irina khorvatova/Preview Content\"";
				DEVELOPMENT_TEAM = 4DTCDQV694;
				ENABLE_PREVIEWS = YES;
				GENERATE_INFOPLIST_FILE = YES;
				INFOPLIST_KEY_UIApplicationSceneManifest_Generation = YES;
				INFOPLIST_KEY_UIApplicationSupportsIndirectInputEvents = YES;
				INFOPLIST_KEY_UILaunchScreen_Generation = YES;
				INFOPLIST_KEY_UISupportedInterfaceOrientations_iPad = "UIInterfaceOrientationPortrait UIInterfaceOrientationPortraitUpsideDown UIInterfaceOrientationLandscapeLeft UIInterfaceOrientationLandscapeRight";
				INFOPLIST_KEY_UISupportedInterfaceOrientations_iPhone = "UIInterfaceOrientationPortrait UIInterfaceOrientationLandscapeLeft UIInterfaceOrientationLandscapeRight";
				LD_RUNPATH_SEARCH_PATHS = (
					"$(inherited)",
					"@executable_path/Frameworks",
				);
				MARKETING_VERSION = 1.0;
				PRODUCT_BUNDLE_IDENTIFIER = "-1.Irina-khorvatova";
				PRODUCT_NAME = "$(TARGET_NAME)";
				SWIFT_EMIT_LOC_STRINGS = YES;
				SWIFT_VERSION = 5.0;
				TARGETED_DEVICE_FAMILY = "1,2";
			};
			name = Release;
		};
		1FCBBC6A29D83DA3002E2A8E /* Debug */ = {
			isa = XCBuildConfiguration;
			buildSettings = {
				ALWAYS_EMBED_SWIFT_STANDARD_LIBRARIES = YES;
				BUNDLE_LOADER = "$(TEST_HOST)";
				CODE_SIGN_STYLE = Automatic;
				CURRENT_PROJECT_VERSION = 1;
				DEVELOPMENT_TEAM = 4DTCDQV694;
				GENERATE_INFOPLIST_FILE = YES;
				IPHONEOS_DEPLOYMENT_TARGET = 16.4;
				MARKETING_VERSION = 1.0;
				PRODUCT_BUNDLE_IDENTIFIER = "-1.Irina-khorvatovaTests";
				PRODUCT_NAME = "$(TARGET_NAME)";
				SWIFT_EMIT_LOC_STRINGS = NO;
				SWIFT_VERSION = 5.0;
				TARGETED_DEVICE_FAMILY = "1,2";
				TEST_HOST = "$(BUILT_PRODUCTS_DIR)/Irina khorvatova.app/$(BUNDLE_EXECUTABLE_FOLDER_PATH)/Irina khorvatova";
			};
			name = Debug;
		};
		1FCBBC6B29D83DA3002E2A8E /* Release */ = {
			isa = XCBuildConfiguration;
			buildSettings = {
				ALWAYS_EMBED_SWIFT_STANDARD_LIBRARIES = YES;
				BUNDLE_LOADER = "$(TEST_HOST)";
				CODE_SIGN_STYLE = Automatic;
				CURRENT_PROJECT_VERSION = 1;
				DEVELOPMENT_TEAM = 4DTCDQV694;
				GENERATE_INFOPLIST_FILE = YES;
				IPHONEOS_DEPLOYMENT_TARGET = 16.4;
				MARKETING_VERSION = 1.0;
				PRODUCT_BUNDLE_IDENTIFIER = "-1.Irina-khorvatovaTests";
				PRODUCT_NAME = "$(TARGET_NAME)";
				SWIFT_EMIT_LOC_STRINGS = NO;
				SWIFT_VERSION = 5.0;
				TARGETED_DEVICE_FAMILY = "1,2";
				TEST_HOST = "$(BUILT_PRODUCTS_DIR)/Irina khorvatova.app/$(BUNDLE_EXECUTABLE_FOLDER_PATH)/Irina khorvatova";
			};
			name = Release;
		};
		1FCBBC6D29D83DA3002E2A8E /* Debug */ = {
			isa = XCBuildConfiguration;
			buildSettings = {
				ALWAYS_EMBED_SWIFT_STANDARD_LIBRARIES = YES;
				CODE_SIGN_STYLE = Automatic;
				CURRENT_PROJECT_VERSION = 1;
				DEVELOPMENT_TEAM = 4DTCDQV694;
				GENERATE_INFOPLIST_FILE = YES;
				MARKETING_VERSION = 1.0;
				PRODUCT_BUNDLE_IDENTIFIER = "-1.Irina-khorvatovaUITests";
				PRODUCT_NAME = "$(TARGET_NAME)";
				SWIFT_EMIT_LOC_STRINGS = NO;
				SWIFT_VERSION = 5.0;
				TARGETED_DEVICE_FAMILY = "1,2";
				TEST_TARGET_NAME = "Irina khorvatova";
			};
			name = Debug;
		};
		1FCBBC6E29D83DA3002E2A8E /* Release */ = {
			isa = XCBuildConfiguration;
			buildSettings = {
				ALWAYS_EMBED_SWIFT_STANDARD_LIBRARIES = YES;
				CODE_SIGN_STYLE = Automatic;
				CURRENT_PROJECT_VERSION = 1;
				DEVELOPMENT_TEAM = 4DTCDQV694;
				GENERATE_INFOPLIST_FILE = YES;
				MARKETING_VERSION = 1.0;
				PRODUCT_BUNDLE_IDENTIFIER = "-1.Irina-khorvatovaUITests";
				PRODUCT_NAME = "$(TARGET_NAME)";
				SWIFT_EMIT_LOC_STRINGS = NO;
				SWIFT_VERSION = 5.0;
				TARGETED_DEVICE_FAMILY = "1,2";
				TEST_TARGET_NAME = "Irina khorvatova";
			};
			name = Release;
		};
/* End XCBuildConfiguration section */

/* Begin XCConfigurationList section */
		1FCBBC3D29D83DA2002E2A8E /* Build configuration list for PBXProject "Irina khorvatova" */ = {
			isa = XCConfigurationList;
			buildConfigurations = (
				1FCBBC6429D83DA3002E2A8E /* Debug */,
				1FCBBC6529D83DA3002E2A8E /* Release */,
			);
			defaultConfigurationIsVisible = 0;
			defaultConfigurationName = Release;
		};
		1FCBBC6629D83DA3002E2A8E /* Build configuration list for PBXNativeTarget "Irina khorvatova" */ = {
			isa = XCConfigurationList;
			buildConfigurations = (
				1FCBBC6729D83DA3002E2A8E /* Debug */,
				1FCBBC6829D83DA3002E2A8E /* Release */,
			);
			defaultConfigurationIsVisible = 0;
			defaultConfigurationName = Release;
		};
		1FCBBC6929D83DA3002E2A8E /* Build configuration list for PBXNativeTarget "Irina khorvatovaTests" */ = {
			isa = XCConfigurationList;
			buildConfigurations = (
				1FCBBC6A29D83DA3002E2A8E /* Debug */,
				1FCBBC6B29D83DA3002E2A8E /* Release */,
			);
			defaultConfigurationIsVisible = 0;
			defaultConfigurationName = Release;
		};
		1FCBBC6C29D83DA3002E2A8E /* Build configuration list for PBXNativeTarget "Irina khorvatovaUITests" */ = {
			isa = XCConfigurationList;
			buildConfigurations = (
				1FCBBC6D29D83DA3002E2A8E /* Debug */,
				1FCBBC6E29D83DA3002E2A8E /* Release */,
			);
			defaultConfigurationIsVisible = 0;
			defaultConfigurationName = Release;
		};
/* End XCConfigurationList section */
	};
	rootObject = 1FCBBC3A29D83DA2002E2A8E /* Project object */;
}
